{
  "name": "ac-server",
  "version": "1.0.0",
  "lockfileVersion": 1,
  "requires": true,
  "dependencies": {
    "@types/node": {
      "version": "12.6.4",
      "resolved": "https://registry.npmjs.org/@types/node/-/node-12.6.4.tgz",
      "integrity": "sha512-ZKrDzI6KhrqtLpccI1YxMh4d+qzNnftNtp6iL9c4mLTNgzguFu7VR7pXH/C/MfzikMeoXjvISL9mlIGNGGDXDg==",
      "dev": true
    },
    "enet": {
      "version": "0.2.9",
      "resolved": "https://registry.npmjs.org/enet/-/enet-0.2.9.tgz",
      "integrity": "sha1-1/1ooL+Ls4kUCOpGXibtaVWCKho="
    }
  }
}
